// !$*UTF8*$!
{
	archiveVersion = 1;
	classes = {
	};
	objectVersion = 110;
	objects = {

/* Begin PBXContainerItemProxy section */
		CDFFEB1430654AAE00E9CACD /* PBXContainerItemProxy */ = {
			isa = PBXContainerItemProxy;
			containerPortal = CDFFEAFE30654AAD00E9CACD /* Project object */;
			proxyType = 1;
			remoteGlobalIDString = CDFFEB0530654AAD00E9CACD;
			remoteInfo = Proofreader;
		};
		CDFFEB1E30654AAE00E9CACD /* PBXContainerItemProxy */ = {
			isa = PBXContainerItemProxy;
			containerPortal = CDFFEAFE30654AAD00E9CACD /* Project object */;
			proxyType = 1;
			remoteGlobalIDString = CDFFEB0530654AAD00E9CACD;
			remoteInfo = Proofreader;
		};
/* End PBXContainerItemProxy section */

/* Begin PBXFileReference section */
		CDFFEB0630654AAD00E9CACD /* Proofreader.app */ = {isa = PBXFileReference; explicitFileType = wrapper.application; includeInIndex = 0; path = Proofreader.app; sourceTree = BUILT_PRODUCTS_DIR; };
		CDFFEB1330654AAE00E9CACD /* ProofreaderTests.xctest */ = {isa = PBXFileReference; explicitFileType = wrapper.cfbundle; includeInIndex = 0; path = ProofreaderTests.xctest; sourceTree = BUILT_PRODUCTS_DIR; };
		CDFFEB1D30654AAE00E9CACD /* ProofreaderUITests.xctest */ = {isa = PBXFileReference; explicitFileType = wrapper.cfbundle; includeInIndex = 0; path = ProofreaderUITests.xctest; sourceTree = BUILT_PRODUCTS_DIR; };
/* End PBXFileReference section */

/* Begin PBXFileSystemSynchronizedRootGroup section */
		CDFFEB0830654AAD00E9CACD /* Proofreader */ = {
			isa = PBXFileSystemSynchronizedRootGroup;
			path = Proofreader;
			sourceTree = "<group>";
		};
		CDFFEB1630654AAE00E9CACD /* ProofreaderTests */ = {
			isa = PBXFileSystemSynchronizedRootGroup;
			path = ProofreaderTests;
			sourceTree = "<group>";
		};
		CDFFEB2030654AAE00E9CACD /* ProofreaderUITests */ = {
			isa = PBXFileSystemSynchronizedRootGroup;
			path = ProofreaderUITests;
			sourceTree = "<group>";
		};
/* End PBXFileSystemSynchronizedRootGroup section */

/* Begin PBXFrameworksBuildPhase section */
		CDFFEB0330654AAD00E9CACD /* Frameworks */ = {
			isa = PBXFrameworksBuildPhase;
			files = (
			);
		};
		CDFFEB1030654AAE00E9CACD /* Frameworks */ = {
			isa = PBXFrameworksBuildPhase;
			files = (
			);
		};
		CDFFEB1A30654AAE00E9CACD /* Frameworks */ = {
			isa = PBXFrameworksBuildPhase;
			files = (
			);
		};
/* End PBXFrameworksBuildPhase section */

/* Begin PBXGroup section */
		CDFFEAFD30654AAD00E9CACD = {
			isa = PBXGroup;
			children = (
				CDFFEB0830654AAD00E9CACD /* Proofreader */,
				CDFFEB1630654AAE00E9CACD /* ProofreaderTests */,
				CDFFEB2030654AAE00E9CACD /* ProofreaderUITests */,
				CDFFEB0730654AAD00E9CACD /* Products */,
			);
			sourceTree = "<group>";
		};
		CDFFEB0730654AAD00E9CACD /* Products */ = {
			isa = PBXGroup;
			children = (
				CDFFEB0630654AAD00E9CACD /* Proofreader.app */,
				CDFFEB1330654AAE00E9CACD /* ProofreaderTests.xctest */,
				CDFFEB1D30654AAE00E9CACD /* ProofreaderUITests.xctest */,
			);
			name = Products;
			sourceTree = "<group>";
		};
/* End PBXGroup section */

/* Begin PBXNativeTarget section */
		CDFFEB0530654AAD00E9CACD /* Proofreader */ = {
			isa = PBXNativeTarget;
			buildConfigurationList = CDFFEB2530654AAE00E9CACD /* Build configuration list for PBXNativeTarget "Proofreader" */;
			buildPhases = (
				CDFFEB0230654AAD00E9CACD /* Sources */,
				CDFFEB0330654AAD00E9CACD /* Frameworks */,
				CDFFEB0430654AAD00E9CACD /* Resources */,
			);
			buildRules = (
			);
			fileSystemSynchronizedGroups = (
				CDFFEB0830654AAD00E9CACD /* Proofreader */,
			);
			name = Proofreader;
			productName = Proofreader;
			productReference = CDFFEB0630654AAD00E9CACD /* Proofreader.app */;
			productType = "com.apple.product-type.application";
		};
		CDFFEB1230654AAE00E9CACD /* ProofreaderTests */ = {
			isa = PBXNativeTarget;
			buildConfigurationList = CDFFEB2830654AAE00E9CACD /* Build configuration list for PBXNativeTarget "ProofreaderTests" */;
			buildPhases = (
				CDFFEB0F30654AAE00E9CACD /* Sources */,
				CDFFEB1030654AAE00E9CACD /* Frameworks */,
				CDFFEB1130654AAE00E9CACD /* Resources */,
			);
			buildRules = (
			);
			dependencies = (
				CDFFEB1530654AAE00E9CACD /* PBXTargetDependency */,
			);
			fileSystemSynchronizedGroups = (
				CDFFEB1630654AAE00E9CACD /* ProofreaderTests */,
			);
			name = ProofreaderTests;
			productName = ProofreaderTests;
			productReference = CDFFEB1330654AAE00E9CACD /* ProofreaderTests.xctest */;
			productType = "com.apple.product-type.bundle.unit-test";
		};
		CDFFEB1C30654AAE00E9CACD /* ProofreaderUITests */ = {
			isa = PBXNativeTarget;
			buildConfigurationList = CDFFEB2B30654AAE00E9CACD /* Build configuration list for PBXNativeTarget "ProofreaderUITests" */;
			buildPhases = (
				CDFFEB1930654AAE00E9CACD /* Sources */,
				CDFFEB1A30654AAE00E9CACD /* Frameworks */,
				CDFFEB1B30654AAE00E9CACD /* Resources */,
			);
			buildRules = (
			);
			dependencies = (
				CDFFEB1F30654AAE00E9CACD /* PBXTargetDependency */,
			);
			fileSystemSynchronizedGroups = (
				CDFFEB2030654AAE00E9CACD /* ProofreaderUITests */,
			);
			name = ProofreaderUITests;
			productName = ProofreaderUITests;
			productReference = CDFFEB1D30654AAE00E9CACD /* ProofreaderUITests.xctest */;
			productType = "com.apple.product-type.bundle.ui-testing";
		};
/* End PBXNativeTarget section */

/* Begin PBXProject section */
		CDFFEAFE30654AAD00E9CACD /* Project object */ = {
			isa = PBXProject;
			attributes = {
				BuildIndependentTargetsInParallel = 1;
				LastSwiftUpdateCheck = 2700;
				LastUpgradeCheck = 2700;
				TargetAttributes = {
					CDFFEB0530654AAD00E9CACD = {
						CreatedOnToolsVersion = 27.0;
					};
					CDFFEB1230654AAE00E9CACD = {
						CreatedOnToolsVersion = 27.0;
						TestTargetID = CDFFEB0530654AAD00E9CACD;
					};
					CDFFEB1C30654AAE00E9CACD = {
						CreatedOnToolsVersion = 27.0;
						TestTargetID = CDFFEB0530654AAD00E9CACD;
					};
				};
			};
			buildConfigurationList = CDFFEB0130654AAD00E9CACD /* Build configuration list for PBXProject "Proofreader" */;
			developmentRegion = en;
			hasScannedForEncodings = 0;
			knownRegions = (
				en,
				Base,
			);
			mainGroup = CDFFEAFD30654AAD00E9CACD;
			minimizedProjectReferenceProxies = 1;
			preferredProjectObjectVersion = 77;
			productRefGroup = CDFFEB0730654AAD00E9CACD /* Products */;
			projectDirPath = "";
			projectRoot = "";
			targets = (
				CDFFEB0530654AAD00E9CACD /* Proofreader */,
				CDFFEB1230654AAE00E9CACD /* ProofreaderTests */,
				CDFFEB1C30654AAE00E9CACD /* ProofreaderUITests */,
			);
		};
/* End PBXProject section */

/* Begin PBXResourcesBuildPhase section */
		CDFFEB0430654AAD00E9CACD /* Resources */ = {
			isa = PBXResourcesBuildPhase;
			files = (
			);
		};
		CDFFEB1130654AAE00E9CACD /* Resources */ = {
			isa = PBXResourcesBuildPhase;
			files = (
			);
		};
		CDFFEB1B30654AAE00E9CACD /* Resources */ = {
			isa = PBXResourcesBuildPhase;
			files = (
			);
		};
/* End PBXResourcesBuildPhase section */

/* Begin PBXSourcesBuildPhase section */
		CDFFEB0230654AAD00E9CACD /* Sources */ = {
			isa = PBXSourcesBuildPhase;
			files = (
			);
		};
		CDFFEB0F30654AAE00E9CACD /* Sources */ = {
			isa = PBXSourcesBuildPhase;
			files = (
			);
		};
		CDFFEB1930654AAE00E9CACD /* Sources */ = {
			isa = PBXSourcesBuildPhase;
			files = (
			);
		};
/* End PBXSourcesBuildPhase section */

/* Begin PBXTargetDependency section */
		CDFFEB1530654AAE00E9CACD /* PBXTargetDependency */ = {
			isa = PBXTargetDependency;
			target = CDFFEB0530654AAD00E9CACD /* Proofreader */;
			targetProxy = CDFFEB1430654AAE00E9CACD /* PBXContainerItemProxy */;
		};
		CDFFEB1F30654AAE00E9CACD /* PBXTargetDependency */ = {
			isa = PBXTargetDependency;
			target = CDFFEB0530654AAD00E9CACD /* Proofreader */;
			targetProxy = CDFFEB1E30654AAE00E9CACD /* PBXContainerItemProxy */;
		};
/* End PBXTargetDependency section */

/* Begin XCBuildConfiguration section */
		CDFFEB2330654AAE00E9CACD /* Debug configuration for PBXProject "Proofreader" */ = {
			isa = XCBuildConfiguration;
			buildSettings = {
				ALWAYS_SEARCH_USER_PATHS = NO;
				ASSETCATALOG_COMPILER_GENERATE_SWIFT_ASSET_SYMBOL_EXTENSIONS = YES;
				CLANG_ANALYZER_NONNULL = YES;
				CLANG_ANALYZER_NUMBER_OBJECT_CONVERSION = YES_AGGRESSIVE;
				CLANG_CXX_LANGUAGE_STANDARD = "gnu++20";
				CLANG_ENABLE_MODULES = YES;
				CLANG_ENABLE_OBJC_ARC = YES;
				CLANG_ENABLE_OBJC_WEAK = YES;
				CLANG_WARN_BLOCK_CAPTURE_AUTORELEASING = YES;
				CLANG_WARN_BOOL_CONVERSION = YES;
				CLANG_WARN_COMMA = YES;
				CLANG_WARN_CONSTANT_CONVERSION = YES;
				CLANG_WARN_DEPRECATED_OBJC_IMPLEMENTATIONS = YES;
				CLANG_WARN_DIRECT_OBJC_ISA_USAGE = YES_ERROR;
				CLANG_WARN_DOCUMENTATION_COMMENTS = YES;
				CLANG_WARN_EMPTY_BODY = YES;
				CLANG_WARN_ENUM_CONVERSION = YES;
				CLANG_WARN_INFINITE_RECURSION = YES;
				CLANG_WARN_INT_CONVERSION = YES;
				CLANG_WARN_NON_LITERAL_NULL_CONVERSION = YES;
				CLANG_WARN_OBJC_IMPLICIT_RETAIN_SELF = YES;
				CLANG_WARN_OBJC_LITERAL_CONVERSION = YES;
				CLANG_WARN_OBJC_ROOT_CLASS = YES_ERROR;
				CLANG_WARN_QUOTED_INCLUDE_IN_FRAMEWORK_HEADER = YES;
				CLANG_WARN_RANGE_LOOP_ANALYSIS = YES;
				CLANG_WARN_STRICT_PROTOTYPES = YES;
				CLANG_WARN_SUSPICIOUS_MOVE = YES;
				CLANG_WARN_UNGUARDED_AVAILABILITY = YES_AGGRESSIVE;
				CLANG_WARN_UNREACHABLE_CODE = YES;
				CLANG_WARN__DUPLICATE_METHOD_MATCH = YES;
				COPY_PHASE_STRIP = NO;
				DEBUG_INFORMATION_FORMAT = dwarf;
				DEVELOPMENT_TEAM = 42BF6R45R2;
				ENABLE_STRICT_OBJC_MSGSEND = YES;
				ENABLE_TESTABILITY = YES;
				ENABLE_USER_SCRIPT_SANDBOXING = YES;
				GCC_C_LANGUAGE_STANDARD = gnu17;
				GCC_DYNAMIC_NO_PIC = NO;
				GCC_NO_COMMON_BLOCKS = YES;
				GCC_OPTIMIZATION_LEVEL = 0;
				GCC_PREPROCESSOR_DEFINITIONS = (
					"DEBUG=1",
					"$(inherited)",
				);
				GCC_WARN_64_TO_32_BIT_CONVERSION = YES;
				GCC_WARN_ABOUT_RETURN_TYPE = YES_ERROR;
				GCC_WARN_UNDECLARED_SELECTOR = YES;
				GCC_WARN_UNINITIALIZED_AUTOS = YES_AGGRESSIVE;
				GCC_WARN_UNUSED_FUNCTION = YES;
				GCC_WARN_UNUSED_VARIABLE = YES;
				LOCALIZATION_PREFERS_STRING_CATALOGS = YES;
				MACOSX_DEPLOYMENT_TARGET = 27.0;
				MTL_ENABLE_DEBUG_INFO = INCLUDE_SOURCE;
				MTL_FAST_MATH = YES;
				ONLY_ACTIVE_ARCH = YES;
				SDKROOT = macosx;
				SWIFT_ACTIVE_COMPILATION_CONDITIONS = "DEBUG $(inherited)";
				SWIFT_OPTIMIZATION_LEVEL = "-Onone";
			};
			name = Debug;
		};
		CDFFEB2430654AAE00E9CACD /* Release configuration for PBXProject "Proofreader" */ = {
			isa = XCBuildConfiguration;
			buildSettings = {
				ALWAYS_SEARCH_USER_PATHS = NO;
				ASSETCATALOG_COMPILER_GENERATE_SWIFT_ASSET_SYMBOL_EXTENSIONS = YES;
				CLANG_ANALYZER_NONNULL = YES;
				CLANG_ANALYZER_NUMBER_OBJECT_CONVERSION = YES_AGGRESSIVE;
				CLANG_CXX_LANGUAGE_STANDARD = "gnu++20";
				CLANG_ENABLE_MODULES = YES;
				CLANG_ENABLE_OBJC_ARC = YES;
				CLANG_ENABLE_OBJC_WEAK = YES;
				CLANG_WARN_BLOCK_CAPTURE_AUTORELEASING = YES;
				CLANG_WARN_BOOL_CONVERSION = YES;
				CLANG_WARN_COMMA = YES;
				CLANG_WARN_CONSTANT_CONVERSION = YES;
				CLANG_WARN_DEPRECATED_OBJC_IMPLEMENTATIONS = YES;
				CLANG_WARN_DIRECT_OBJC_ISA_USAGE = YES_ERROR;
				CLANG_WARN_DOCUMENTATION_COMMENTS = YES;
				CLANG_WARN_EMPTY_BODY = YES;
				CLANG_WARN_ENUM_CONVERSION = YES;
				CLANG_WARN_INFINITE_RECURSION = YES;
				CLANG_WARN_INT_CONVERSION = YES;
				CLANG_WARN_NON_LITERAL_NULL_CONVERSION = YES;
				CLANG_WARN_OBJC_IMPLICIT_RETAIN_SELF = YES;
				CLANG_WARN_OBJC_LITERAL_CONVERSION = YES;
				CLANG_WARN_OBJC_ROOT_CLASS = YES_ERROR;
				CLANG_WARN_QUOTED_INCLUDE_IN_FRAMEWORK_HEADER = YES;
				CLANG_WARN_RANGE_LOOP_ANALYSIS = YES;
				CLANG_WARN_STRICT_PROTOTYPES = YES;
				CLANG_WARN_SUSPICIOUS_MOVE = YES;
				CLANG_WARN_UNGUARDED_AVAILABILITY = YES_AGGRESSIVE;
				CLANG_WARN_UNREACHABLE_CODE = YES;
				CLANG_WARN__DUPLICATE_METHOD_MATCH = YES;
				COPY_PHASE_STRIP = NO;
				DEBUG_INFORMATION_FORMAT = "dwarf-with-dsym";
				DEVELOPMENT_TEAM = 42BF6R45R2;
				ENABLE_NS_ASSERTIONS = NO;
				ENABLE_STRICT_OBJC_MSGSEND = YES;
				ENABLE_USER_SCRIPT_SANDBOXING = YES;
				GCC_C_LANGUAGE_STANDARD = gnu17;
				GCC_NO_COMMON_BLOCKS = YES;
				GCC_WARN_64_TO_32_BIT_CONVERSION = YES;
				GCC_WARN_ABOUT_RETURN_TYPE = YES_ERROR;
				GCC_WARN_UNDECLARED_SELECTOR = YES;
				GCC_WARN_UNINITIALIZED_AUTOS = YES_AGGRESSIVE;
				GCC_WARN_UNUSED_FUNCTION = YES;
				GCC_WARN_UNUSED_VARIABLE = YES;
				LOCALIZATION_PREFERS_STRING_CATALOGS = YES;
				MACOSX_DEPLOYMENT_TARGET = 27.0;
				MTL_ENABLE_DEBUG_INFO = NO;
				MTL_FAST_MATH = YES;
				SDKROOT = macosx;
				SWIFT_COMPILATION_MODE = wholemodule;
			};
			name = Release;
		};
		CDFFEB2630654AAE00E9CACD /* Debug configuration for PBXNativeTarget "Proofreader" */ = {
			isa = XCBuildConfiguration;
			buildSettings = {
				ASSETCATALOG_COMPILER_APPICON_NAME = AppIcon;
				ASSETCATALOG_COMPILER_GLOBAL_ACCENT_COLOR_NAME = AccentColor;
				CODE_SIGN_STYLE = Automatic;
				COMBINE_HIDPI_IMAGES = YES;
				CURRENT_PROJECT_VERSION = 1;
				DEVELOPMENT_TEAM = 42BF6R45R2;
				ENABLE_APP_SANDBOX = YES;
				ENABLE_HARDENED_RUNTIME = YES;
				ENABLE_INCOMING_NETWORK_CONNECTIONS = NO;
				ENABLE_OUTGOING_NETWORK_CONNECTIONS = YES;
				ENABLE_PREVIEWS = YES;
				ENABLE_RESOURCE_ACCESS_AUDIO_INPUT = NO;
				ENABLE_RESOURCE_ACCESS_BLUETOOTH = NO;
				ENABLE_RESOURCE_ACCESS_CALENDARS = NO;
				ENABLE_RESOURCE_ACCESS_CAMERA = NO;
				ENABLE_RESOURCE_ACCESS_CONTACTS = NO;
				ENABLE_RESOURCE_ACCESS_LOCATION = NO;
				ENABLE_RESOURCE_ACCESS_PRINTING = NO;
				ENABLE_RESOURCE_ACCESS_USB = NO;
				ENABLE_USER_SELECTED_FILES = readonly;
				GENERATE_INFOPLIST_FILE = YES;
				INFOPLIST_KEY_NSHumanReadableCopyright = "";
				LD_RUNPATH_SEARCH_PATHS = (
					"$(inherited)",
					"@executable_path/../Frameworks",
				);
				MARKETING_VERSION = 1.0;
				PRODUCT_BUNDLE_IDENTIFIER = alirezasalehfar.Proofreader;
				PRODUCT_NAME = "$(TARGET_NAME)";
				REGISTER_APP_GROUPS = YES;
				STRING_CATALOG_GENERATE_SYMBOLS = YES;
				SWIFT_APPROACHABLE_CONCURRENCY = YES;
				SWIFT_DEFAULT_ACTOR_ISOLATION = MainActor;
				SWIFT_EMIT_LOC_STRINGS = YES;
				SWIFT_UPCOMING_FEATURE_MEMBER_IMPORT_VISIBILITY = YES;
				SWIFT_VERSION = 5.0;
			};
			name = Debug;
		};
		CDFFEB2730654AAE00E9CACD /* Release configuration for PBXNativeTarget "Proofreader" */ = {
			isa = XCBuildConfiguration;
			buildSettings = {
				ASSETCATALOG_COMPILER_APPICON_NAME = AppIcon;
				ASSETCATALOG_COMPILER_GLOBAL_ACCENT_COLOR_NAME = AccentColor;
				CODE_SIGN_STYLE = Automatic;
				COMBINE_HIDPI_IMAGES = YES;
				CURRENT_PROJECT_VERSION = 1;
				DEVELOPMENT_TEAM = 42BF6R45R2;
				ENABLE_APP_SANDBOX = YES;
				ENABLE_HARDENED_RUNTIME = YES;
				ENABLE_INCOMING_NETWORK_CONNECTIONS = NO;
				ENABLE_OUTGOING_NETWORK_CONNECTIONS = YES;
				ENABLE_PREVIEWS = YES;
				ENABLE_RESOURCE_ACCESS_AUDIO_INPUT = NO;
				ENABLE_RESOURCE_ACCESS_BLUETOOTH = NO;
				ENABLE_RESOURCE_ACCESS_CALENDARS = NO;
				ENABLE_RESOURCE_ACCESS_CAMERA = NO;
				ENABLE_RESOURCE_ACCESS_CONTACTS = NO;
				ENABLE_RESOURCE_ACCESS_LOCATION = NO;
				ENABLE_RESOURCE_ACCESS_PRINTING = NO;
				ENABLE_RESOURCE_ACCESS_USB = NO;
				ENABLE_USER_SELECTED_FILES = readonly;
				GENERATE_INFOPLIST_FILE = YES;
				INFOPLIST_KEY_NSHumanReadableCopyright = "";
				LD_RUNPATH_SEARCH_PATHS = (
					"$(inherited)",
					"@executable_path/../Frameworks",
				);
				MARKETING_VERSION = 1.0;
				PRODUCT_BUNDLE_IDENTIFIER = alirezasalehfar.Proofreader;
				PRODUCT_NAME = "$(TARGET_NAME)";
				REGISTER_APP_GROUPS = YES;
				STRING_CATALOG_GENERATE_SYMBOLS = YES;
				SWIFT_APPROACHABLE_CONCURRENCY = YES;
				SWIFT_DEFAULT_ACTOR_ISOLATION = MainActor;
				SWIFT_EMIT_LOC_STRINGS = YES;
				SWIFT_UPCOMING_FEATURE_MEMBER_IMPORT_VISIBILITY = YES;
				SWIFT_VERSION = 5.0;
			};
			name = Release;
		};
		CDFFEB2930654AAE00E9CACD /* Debug configuration for PBXNativeTarget "ProofreaderTests" */ = {
			isa = XCBuildConfiguration;
			buildSettings = {
				BUNDLE_LOADER = "$(TEST_HOST)";
				CODE_SIGN_STYLE = Automatic;
				CURRENT_PROJECT_VERSION = 1;
				DEVELOPMENT_TEAM = 42BF6R45R2;
				GENERATE_INFOPLIST_FILE = YES;
				MACOSX_DEPLOYMENT_TARGET = 27.0;
				MARKETING_VERSION = 1.0;
				PRODUCT_BUNDLE_IDENTIFIER = alirezasalehfar.ProofreaderTests;
				PRODUCT_NAME = "$(TARGET_NAME)";
				STRING_CATALOG_GENERATE_SYMBOLS = NO;
				SWIFT_APPROACHABLE_CONCURRENCY = YES;
				SWIFT_EMIT_LOC_STRINGS = NO;
				SWIFT_UPCOMING_FEATURE_MEMBER_IMPORT_VISIBILITY = YES;
				SWIFT_VERSION = 5.0;
				TEST_HOST = "$(BUILT_PRODUCTS_DIR)/Proofreader.app/$(BUNDLE_EXECUTABLE_FOLDER_PATH)/Proofreader";
			};
			name = Debug;
		};
		CDFFEB2A30654AAE00E9CACD /* Release configuration for PBXNativeTarget "ProofreaderTests" */ = {
			isa = XCBuildConfiguration;
			buildSettings = {
				BUNDLE_LOADER = "$(TEST_HOST)";
				CODE_SIGN_STYLE = Automatic;
				CURRENT_PROJECT_VERSION = 1;
				DEVELOPMENT_TEAM = 42BF6R45R2;
				GENERATE_INFOPLIST_FILE = YES;
				MACOSX_DEPLOYMENT_TARGET = 27.0;
				MARKETING_VERSION = 1.0;
				PRODUCT_BUNDLE_IDENTIFIER = alirezasalehfar.ProofreaderTests;
				PRODUCT_NAME = "$(TARGET_NAME)";
				STRING_CATALOG_GENERATE_SYMBOLS = NO;
				SWIFT_APPROACHABLE_CONCURRENCY = YES;
				SWIFT_EMIT_LOC_STRINGS = NO;
				SWIFT_UPCOMING_FEATURE_MEMBER_IMPORT_VISIBILITY = YES;
				SWIFT_VERSION = 5.0;
				TEST_HOST = "$(BUILT_PRODUCTS_DIR)/Proofreader.app/$(BUNDLE_EXECUTABLE_FOLDER_PATH)/Proofreader";
			};
			name = Release;
		};
		CDFFEB2C30654AAE00E9CACD /* Debug configuration for PBXNativeTarget "ProofreaderUITests" */ = {
			isa = XCBuildConfiguration;
			buildSettings = {
				CODE_SIGN_STYLE = Automatic;
				CURRENT_PROJECT_VERSION = 1;
				DEVELOPMENT_TEAM = 42BF6R45R2;
				GENERATE_INFOPLIST_FILE = YES;
				MARKETING_VERSION = 1.0;
				PRODUCT_BUNDLE_IDENTIFIER = alirezasalehfar.ProofreaderUITests;
				PRODUCT_NAME = "$(TARGET_NAME)";
				STRING_CATALOG_GENERATE_SYMBOLS = NO;
				SWIFT_APPROACHABLE_CONCURRENCY = YES;
				SWIFT_EMIT_LOC_STRINGS = NO;
				SWIFT_UPCOMING_FEATURE_MEMBER_IMPORT_VISIBILITY = YES;
				SWIFT_VERSION = 5.0;
				TEST_TARGET_NAME = Proofreader;
			};
			name = Debug;
		};
		CDFFEB2D30654AAE00E9CACD /* Release configuration for PBXNativeTarget "ProofreaderUITests" */ = {
			isa = XCBuildConfiguration;
			buildSettings = {
				CODE_SIGN_STYLE = Automatic;
				CURRENT_PROJECT_VERSION = 1;
				DEVELOPMENT_TEAM = 42BF6R45R2;
				GENERATE_INFOPLIST_FILE = YES;
				MARKETING_VERSION = 1.0;
				PRODUCT_BUNDLE_IDENTIFIER = alirezasalehfar.ProofreaderUITests;
				PRODUCT_NAME = "$(TARGET_NAME)";
				STRING_CATALOG_GENERATE_SYMBOLS = NO;
				SWIFT_APPROACHABLE_CONCURRENCY = YES;
				SWIFT_EMIT_LOC_STRINGS = NO;
				SWIFT_UPCOMING_FEATURE_MEMBER_IMPORT_VISIBILITY = YES;
				SWIFT_VERSION = 5.0;
				TEST_TARGET_NAME = Proofreader;
			};
			name = Release;
		};
/* End XCBuildConfiguration section */

/* Begin XCConfigurationList section */
		CDFFEB0130654AAD00E9CACD /* Build configuration list for PBXProject "Proofreader" */ = {
			isa = XCConfigurationList;
			buildConfigurations = (
				CDFFEB2330654AAE00E9CACD /* Debug configuration for PBXProject "Proofreader" */,
				CDFFEB2430654AAE00E9CACD /* Release configuration for PBXProject "Proofreader" */,
			);
			defaultConfigurationName = Release;
		};
		CDFFEB2530654AAE00E9CACD /* Build configuration list for PBXNativeTarget "Proofreader" */ = {
			isa = XCConfigurationList;
			buildConfigurations = (
				CDFFEB2630654AAE00E9CACD /* Debug configuration for PBXNativeTarget "Proofreader" */,
				CDFFEB2730654AAE00E9CACD /* Release configuration for PBXNativeTarget "Proofreader" */,
			);
			defaultConfigurationName = Release;
		};
		CDFFEB2830654AAE00E9CACD /* Build configuration list for PBXNativeTarget "ProofreaderTests" */ = {
			isa = XCConfigurationList;
			buildConfigurations = (
				CDFFEB2930654AAE00E9CACD /* Debug configuration for PBXNativeTarget "ProofreaderTests" */,
				CDFFEB2A30654AAE00E9CACD /* Release configuration for PBXNativeTarget "ProofreaderTests" */,
			);
			defaultConfigurationName = Release;
		};
		CDFFEB2B30654AAE00E9CACD /* Build configuration list for PBXNativeTarget "ProofreaderUITests" */ = {
			isa = XCConfigurationList;
			buildConfigurations = (
				CDFFEB2C30654AAE00E9CACD /* Debug configuration for PBXNativeTarget "ProofreaderUITests" */,
				CDFFEB2D30654AAE00E9CACD /* Release configuration for PBXNativeTarget "ProofreaderUITests" */,
			);
			defaultConfigurationName = Release;
		};
/* End XCConfigurationList section */
	};
	rootObject = CDFFEAFE30654AAD00E9CACD /* Project object */;
	validationLevel = 1;
}
